// !$*UTF8*$!
{
	archiveVersion = 1;
	classes = {
	};
	objectVersion = 46;
	objects = {

/* Begin PBXBuildFile section */
		9F2531531E864D71007F50B5 /* main.m in Sources */ = {isa = PBXBuildFile; fileRef = 9F2531521E864D71007F50B5 /* main.m */; };
		9F2531561E864D71007F50B5 /* AppDelegate.m in Sources */ = {isa = PBXBuildFile; fileRef = 9F2531551E864D71007F50B5 /* AppDelegate.m */; };
		9F2531591E864D71007F50B5 /* ViewController.m in Sources */ = {isa = PBXBuildFile; fileRef = 9F2531581E864D71007F50B5 /* ViewController.m */; };
		9F25315C1E864D71007F50B5 /* Main.storyboard in Resources */ = {isa = PBXBuildFile; fileRef = 9F25315A1E864D71007F50B5 /* Main.storyboard */; };
		9F25315E1E864D71007F50B5 /* Assets.xcassets in Resources */ = {isa = PBXBuildFile; fileRef = 9F25315D1E864D71007F50B5 /* Assets.xcassets */; };
		9F2531611E864D71007F50B5 /* LaunchScreen.storyboard in Resources */ = {isa = PBXBuildFile; fileRef = 9F25315F1E864D71007F50B5 /* LaunchScreen.storyboard */; };
		9F25316C1E864D71007F50B5 /* MatchismoTests.m in Sources */ = {isa = PBXBuildFile; fileRef = 9F25316B1E864D71007F50B5 /* MatchismoTests.m */; };
		9F2531771E864D71007F50B5 /* MatchismoUITests.m in Sources */ = {isa = PBXBuildFile; fileRef = 9F2531761E864D71007F50B5 /* MatchismoUITests.m */; };
/* End PBXBuildFile section */

/* Begin PBXContainerItemProxy section */
		9F2531681E864D71007F50B5 /* PBXContainerItemProxy */ = {
			isa = PBXContainerItemProxy;
			containerPortal = 9F2531461E864D71007F50B5 /* Project object */;
			proxyType = 1;
			remoteGlobalIDString = 9F25314D1E864D71007F50B5;
			remoteInfo = Matchismo;
		};
		9F2531731E864D71007F50B5 /* PBXContainerItemProxy */ = {
			isa = PBXContainerItemProxy;
			containerPortal = 9F2531461E864D71007F50B5 /* Project object */;
			proxyType = 1;
			remoteGlobalIDString = 9F25314D1E864D71007F50B5;
			remoteInfo = Matchismo;
		};
/* End PBXContainerItemProxy section */

/* Begin PBXFileReference section */
		9F25314E1E864D71007F50B5 /* Matchismo.app */ = {isa = PBXFileReference; explicitFileType = wrapper.application; includeInIndex = 0; path = Matchismo.app; sourceTree = BUILT_PRODUCTS_DIR; };
		9F2531521E864D71007F50B5 /* main.m */ = {isa = PBXFileReference; lastKnownFileType = sourcecode.c.objc; path = main.m; sourceTree = "<group>"; };
		9F2531541E864D71007F50B5 /* AppDelegate.h */ = {isa = PBXFileReference; lastKnownFileType = sourcecode.c.h; path = AppDelegate.h; sourceTree = "<group>"; };
		9F2531551E864D71007F50B5 /* AppDelegate.m */ = {isa = PBXFileReference; lastKnownFileType = sourcecode.c.objc; path = AppDelegate.m; sourceTree = "<group>"; };
		9F2531571E864D71007F50B5 /* ViewController.h */ = {isa = PBXFileReference; lastKnownFileType = sourcecode.c.h; path = ViewController.h; sourceTree = "<group>"; };
		9F2531581E864D71007F50B5 /* ViewController.m */ = {isa = PBXFileReference; lastKnownFileType = sourcecode.c.objc; path = ViewController.m; sourceTree = "<group>"; };
		9F25315B1E864D71007F50B5 /* Base */ = {isa = PBXFileReference; lastKnownFileType = file.storyboard; name = Base; path = Base.lproj/Main.storyboard; sourceTree = "<group>"; };
		9F25315D1E864D71007F50B5 /* Assets.xcassets */ = {isa = PBXFileReference; lastKnownFileType = folder.assetcatalog; path = Assets.xcassets; sourceTree = "<group>"; };
		9F2531601E864D71007F50B5 /* Base */ = {isa = PBXFileReference; lastKnownFileType = file.storyboard; name = Base; path = Base.lproj/LaunchScreen.storyboard; sourceTree = "<group>"; };
		9F2531621E864D71007F50B5 /* Info.plist */ = {isa = PBXFileReference; lastKnownFileType = text.plist.xml; path = Info.plist; sourceTree = "<group>"; };
		9F2531671E864D71007F50B5 /* MatchismoTests.xctest */ = {isa = PBXFileReference; explicitFileType = wrapper.cfbundle; includeInIndex = 0; path = MatchismoTests.xctest; sourceTree = BUILT_PRODUCTS_DIR; };
		9F25316B1E864D71007F50B5 /* MatchismoTests.m */ = {isa = PBXFileReference; lastKnownFileType = sourcecode.c.objc; path = MatchismoTests.m; sourceTree = "<group>"; };
		9F25316D1E864D71007F50B5 /* Info.plist */ = {isa = PBXFileReference; lastKnownFileType = text.plist.xml; path = Info.plist; sourceTree = "<group>"; };
		9F2531721E864D71007F50B5 /* MatchismoUITests.xctest */ = {isa = PBXFileReference; explicitFileType = wrapper.cfbundle; includeInIndex = 0; path = MatchismoUITests.xctest; sourceTree = BUILT_PRODUCTS_DIR; };
		9F2531761E864D71007F50B5 /* MatchismoUITests.m */ = {isa = PBXFileReference; lastKnownFileType = sourcecode.c.objc; path = MatchismoUITests.m; sourceTree = "<group>"; };
		9F2531781E864D71007F50B5 /* Info.plist */ = {isa = PBXFileReference; lastKnownFileType = text.plist.xml; path = Info.plist; sourceTree = "<group>"; };
/* End PBXFileReference section */

/* Begin PBXFrameworksBuildPhase section */
		9F25314B1E864D71007F50B5 /* Frameworks */ = {
			isa = PBXFrameworksBuildPhase;
			buildActionMask = 2147483647;
			files = (
			);
			runOnlyForDeploymentPostprocessing = 0;
		};
		9F2531641E864D71007F50B5 /* Frameworks */ = {
			isa = PBXFrameworksBuildPhase;
			buildActionMask = 2147483647;
			files = (
			);
			runOnlyForDeploymentPostprocessing = 0;
		};
		9F25316F1E864D71007F50B5 /* Frameworks */ = {
			isa = PBXFrameworksBuildPhase;
			buildActionMask = 2147483647;
			files = (
			);
			runOnlyForDeploymentPostprocessing = 0;
		};
/* End PBXFrameworksBuildPhase section */

/* Begin PBXGroup section */
		9F2531451E864D71007F50B5 = {
			isa = PBXGroup;
			children = (
				9F2531501E864D71007F50B5 /* Matchismo */,
				9F25316A1E864D71007F50B5 /* MatchismoTests */,
				9F2531751E864D71007F50B5 /* MatchismoUITests */,
				9F25314F1E864D71007F50B5 /* Products */,
			);
			sourceTree = "<group>";
		};
		9F25314F1E864D71007F50B5 /* Products */ = {
			isa = PBXGroup;
			children = (
				9F25314E1E864D71007F50B5 /* Matchismo.app */,
				9F2531671E864D71007F50B5 /* MatchismoTests.xctest */,
				9F2531721E864D71007F50B5 /* MatchismoUITests.xctest */,
			);
			name = Products;
			sourceTree = "<group>";
		};
		9F2531501E864D71007F50B5 /* Matchismo */ = {
			isa = PBXGroup;
			children = (
				9F2531541E864D71007F50B5 /* AppDelegate.h */,
				9F2531551E864D71007F50B5 /* AppDelegate.m */,
				9F2531571E864D71007F50B5 /* ViewController.h */,
				9F2531581E864D71007F50B5 /* ViewController.m */,
				9F25315A1E864D71007F50B5 /* Main.storyboard */,
				9F25315D1E864D71007F50B5 /* Assets.xcassets */,
				9F25315F1E864D71007F50B5 /* LaunchScreen.storyboard */,
				9F2531621E864D71007F50B5 /* Info.plist */,
				9F2531511E864D71007F50B5 /* Supporting Files */,
			);
			path = Matchismo;
			sourceTree = "<group>";
		};
		9F2531511E864D71007F50B5 /* Supporting Files */ = {
			isa = PBXGroup;
			children = (
				9F2531521E864D71007F50B5 /* main.m */,
			);
			name = "Supporting Files";
			sourceTree = "<group>";
		};
		9F25316A1E864D71007F50B5 /* MatchismoTests */ = {
			isa = PBXGroup;
			children = (
				9F25316B1E864D71007F50B5 /* MatchismoTests.m */,
				9F25316D1E864D71007F50B5 /* Info.plist */,
			);
			path = MatchismoTests;
			sourceTree = "<group>";
		};
		9F2531751E864D71007F50B5 /* MatchismoUITests */ = {
			isa = PBXGroup;
			children = (
				9F2531761E864D71007F50B5 /* MatchismoUITests.m */,
				9F2531781E864D71007F50B5 /* Info.plist */,
			);
			path = MatchismoUITests;
			sourceTree = "<group>";
		};
/* End PBXGroup section */

/* Begin PBXNativeTarget section */
		9F25314D1E864D71007F50B5 /* Matchismo */ = {
			isa = PBXNativeTarget;
			buildConfigurationList = 9F25317B1E864D71007F50B5 /* Build configuration list for PBXNativeTarget "Matchismo" */;
			buildPhases = (
				9F25314A1E864D71007F50B5 /* Sources */,
				9F25314B1E864D71007F50B5 /* Frameworks */,
				9F25314C1E864D71007F50B5 /* Resources */,
			);
			buildRules = (
			);
			dependencies = (
			);
			name = Matchismo;
			productName = Matchismo;
			productReference = 9F25314E1E864D71007F50B5 /* Matchismo.app */;
			productType = "com.apple.product-type.application";
		};
		9F2531661E864D71007F50B5 /* MatchismoTests */ = {
			isa = PBXNativeTarget;
			buildConfigurationList = 9F25317E1E864D71007F50B5 /* Build configuration list for PBXNativeTarget "MatchismoTests" */;
			buildPhases = (
				9F2531631E864D71007F50B5 /* Sources */,
				9F2531641E864D71007F50B5 /* Frameworks */,
				9F2531651E864D71007F50B5 /* Resources */,
			);
			buildRules = (
			);
			dependencies = (
				9F2531691E864D71007F50B5 /* PBXTargetDependency */,
			);
			name = MatchismoTests;
			productName = MatchismoTests;
			productReference = 9F2531671E864D71007F50B5 /* MatchismoTests.xctest */;
			productType = "com.apple.product-type.bundle.unit-test";
		};
		9F2531711E864D71007F50B5 /* MatchismoUITests */ = {
			isa = PBXNativeTarget;
			buildConfigurationList = 9F2531811E864D71007F50B5 /* Build configuration list for PBXNativeTarget "MatchismoUITests" */;
			buildPhases = (
				9F25316E1E864D71007F50B5 /* Sources */,
				9F25316F1E864D71007F50B5 /* Frameworks */,
				9F2531701E864D71007F50B5 /* Resources */,
			);
			buildRules = (
			);
			dependencies = (
				9F2531741E864D71007F50B5 /* PBXTargetDependency */,
			);
			name = MatchismoUITests;
			productName = MatchismoUITests;
			productReference = 9F2531721E864D71007F50B5 /* MatchismoUITests.xctest */;
			productType = "com.apple.product-type.bundle.ui-testing";
		};
/* End PBXNativeTarget section */

/* Begin PBXProject section */
		9F2531461E864D71007F50B5 /* Project object */ = {
			isa = PBXProject;
			attributes = {
				LastUpgradeCheck = 0820;
				ORGANIZATIONNAME = "Chang Hao Chao";
				TargetAttributes = {
					9F25314D1E864D71007F50B5 = {
						CreatedOnToolsVersion = 8.2.1;
						DevelopmentTeam = LRVMYCBTJ7;
						ProvisioningStyle = Automatic;
					};
					9F2531661E864D71007F50B5 = {
						CreatedOnToolsVersion = 8.2.1;
						DevelopmentTeam = LRVMYCBTJ7;
						ProvisioningStyle = Automatic;
						TestTargetID = 9F25314D1E864D71007F50B5;
					};
					9F2531711E864D71007F50B5 = {
						CreatedOnToolsVersion = 8.2.1;
						DevelopmentTeam = LRVMYCBTJ7;
						ProvisioningStyle = Automatic;
						TestTargetID = 9F25314D1E864D71007F50B5;
					};
				};
			};
			buildConfigurationList = 9F2531491E864D71007F50B5 /* Build configuration list for PBXProject "Matchismo" */;
			compatibilityVersion = "Xcode 3.2";
			developmentRegion = English;
			hasScannedForEncodings = 0;
			knownRegions = (
				en,
				Base,
			);
			mainGroup = 9F2531451E864D71007F50B5;
			productRefGroup = 9F25314F1E864D71007F50B5 /* Products */;
			projectDirPath = "";
			projectRoot = "";
			targets = (
				9F25314D1E864D71007F50B5 /* Matchismo */,
				9F2531661E864D71007F50B5 /* MatchismoTests */,
				9F2531711E864D71007F50B5 /* MatchismoUITests */,
			);
		};
/* End PBXProject section */

/* Begin PBXResourcesBuildPhase section */
		9F25314C1E864D71007F50B5 /* Resources */ = {
			isa = PBXResourcesBuildPhase;
			buildActionMask = 2147483647;
			files = (
				9F2531611E864D71007F50B5 /* LaunchScreen.storyboard in Resources */,
				9F25315E1E864D71007F50B5 /* Assets.xcassets in Resources */,
				9F25315C1E864D71007F50B5 /* Main.storyboard in Resources */,
			);
			runOnlyForDeploymentPostprocessing = 0;
		};
		9F2531651E864D71007F50B5 /* Resources */ = {
			isa = PBXResourcesBuildPhase;
			buildActionMask = 2147483647;
			files = (
			);
			runOnlyForDeploymentPostprocessing = 0;
		};
		9F2531701E864D71007F50B5 /* Resources */ = {
			isa = PBXResourcesBuildPhase;
			buildActionMask = 2147483647;
			files = (
			);
			runOnlyForDeploymentPostprocessing = 0;
		};
/* End PBXResourcesBuildPhase section */

/* Begin PBXSourcesBuildPhase section */
		9F25314A1E864D71007F50B5 /* Sources */ = {
			isa = PBXSourcesBuildPhase;
			buildActionMask = 2147483647;
			files = (
				9F2531591E864D71007F50B5 /* ViewController.m in Sources */,
				9F2531561E864D71007F50B5 /* AppDelegate.m in Sources */,
				9F2531531E864D71007F50B5 /* main.m in Sources */,
			);
			runOnlyForDeploymentPostprocessing = 0;
		};
		9F2531631E864D71007F50B5 /* Sources */ = {
			isa = PBXSourcesBuildPhase;
			buildActionMask = 2147483647;
			files = (
				9F25316C1E864D71007F50B5 /* MatchismoTests.m in Sources */,
			);
			runOnlyForDeploymentPostprocessing = 0;
		};
		9F25316E1E864D71007F50B5 /* Sources */ = {
			isa = PBXSourcesBuildPhase;
			buildActionMask = 2147483647;
			files = (
				9F2531771E864D71007F50B5 /* MatchismoUITests.m in Sources */,
			);
			runOnlyForDeploymentPostprocessing = 0;
		};
/* End PBXSourcesBuildPhase section */

/* Begin PBXTargetDependency section */
		9F2531691E864D71007F50B5 /* PBXTargetDependency */ = {
			isa = PBXTargetDependency;
			target = 9F25314D1E864D71007F50B5 /* Matchismo */;
			targetProxy = 9F2531681E864D71007F50B5 /* PBXContainerItemProxy */;
		};
		9F2531741E864D71007F50B5 /* PBXTargetDependency */ = {
			isa = PBXTargetDependency;
			target = 9F25314D1E864D71007F50B5 /* Matchismo */;
			targetProxy = 9F2531731E864D71007F50B5 /* PBXContainerItemProxy */;
		};
/* End PBXTargetDependency section */

/* Begin PBXVariantGroup section */
		9F25315A1E864D71007F50B5 /* Main.storyboard */ = {
			isa = PBXVariantGroup;
			children = (
				9F25315B1E864D71007F50B5 /* Base */,
			);
			name = Main.storyboard;
			sourceTree = "<group>";
		};
		9F25315F1E864D71007F50B5 /* LaunchScreen.storyboard */ = {
			isa = PBXVariantGroup;
			children = (
				9F2531601E864D71007F50B5 /* Base */,
			);
			name = LaunchScreen.storyboard;
			sourceTree = "<group>";
		};
/* End PBXVariantGroup section */

/* Begin XCBuildConfiguration section */
		9F2531791E864D71007F50B5 /* Debug */ = {
			isa = XCBuildConfiguration;
			buildSettings = {
				ALWAYS_SEARCH_USER_PATHS = NO;
				CLANG_ANALYZER_NONNULL = YES;
				CLANG_CXX_LANGUAGE_STANDARD = "gnu++0x";
				CLANG_CXX_LIBRARY = "libc++";
				CLANG_ENABLE_MODULES = YES;
				CLANG_ENABLE_OBJC_ARC = YES;
				CLANG_WARN_BOOL_CONVERSION = YES;
				CLANG_WARN_CONSTANT_CONVERSION = YES;
				CLANG_WARN_DIRECT_OBJC_ISA_USAGE = YES_ERROR;
				CLANG_WARN_DOCUMENTATION_COMMENTS = YES;
				CLANG_WARN_EMPTY_BODY = YES;
				CLANG_WARN_ENUM_CONVERSION = YES;
				CLANG_WARN_INFINITE_RECURSION = YES;
				CLANG_WARN_INT_CONVERSION = YES;
				CLANG_WARN_OBJC_ROOT_CLASS = YES_ERROR;
				CLANG_WARN_SUSPICIOUS_MOVE = YES;
				CLANG_WARN_UNREACHABLE_CODE = YES;
				CLANG_WARN__DUPLICATE_METHOD_MATCH = YES;
				"CODE_SIGN_IDENTITY[sdk=iphoneos*]" = "iPhone Developer";
				COPY_PHASE_STRIP = NO;
				DEBUG_INFORMATION_FORMAT = dwarf;
				ENABLE_STRICT_OBJC_MSGSEND = YES;
				ENABLE_TESTABILITY = YES;
				GCC_C_LANGUAGE_STANDARD = gnu99;
				GCC_DYNAMIC_NO_PIC = NO;
				GCC_NO_COMMON_BLOCKS = YES;
				GCC_OPTIMIZATION_LEVEL = 0;
				GCC_PREPROCESSOR_DEFINITIONS = (
					"DEBUG=1",
					"$(inherited)",
				);
				GCC_WARN_64_TO_32_BIT_CONVERSION = YES;
				GCC_WARN_ABOUT_RETURN_TYPE = YES_ERROR;
				GCC_WARN_UNDECLARED_SELECTOR = YES;
				GCC_WARN_UNINITIALIZED_AUTOS = YES_AGGRESSIVE;
				GCC_WARN_UNUSED_FUNCTION = YES;
				GCC_WARN_UNUSED_VARIABLE = YES;
				IPHONEOS_DEPLOYMENT_TARGET = 10.2;
				MTL_ENABLE_DEBUG_INFO = YES;
				ONLY_ACTIVE_ARCH = YES;
				SDKROOT = iphoneos;
			};
			name = Debug;
		};
		9F25317A1E864D71007F50B5 /* Release */ = {
			isa = XCBuildConfiguration;
			buildSettings = {
				ALWAYS_SEARCH_USER_PATHS = NO;
				CLANG_ANALYZER_NONNULL = YES;
				CLANG_CXX_LANGUAGE_STANDARD = "gnu++0x";
				CLANG_CXX_LIBRARY = "libc++";
				CLANG_ENABLE_MODULES = YES;
				CLANG_ENABLE_OBJC_ARC = YES;
				CLANG_WARN_BOOL_CONVERSION = YES;
				CLANG_WARN_CONSTANT_CONVERSION = YES;
				CLANG_WARN_DIRECT_OBJC_ISA_USAGE = YES_ERROR;
				CLANG_WARN_DOCUMENTATION_COMMENTS = YES;
				CLANG_WARN_EMPTY_BODY = YES;
				CLANG_WARN_ENUM_CONVERSION = YES;
				CLANG_WARN_INFINITE_RECURSION = YES;
				CLANG_WARN_INT_CONVERSION = YES;
				CLANG_WARN_OBJC_ROOT_CLASS = YES_ERROR;
				CLANG_WARN_SUSPICIOUS_MOVE = YES;
				CLANG_WARN_UNREACHABLE_CODE = YES;
				CLANG_WARN__DUPLICATE_METHOD_MATCH = YES;
				"CODE_SIGN_IDENTITY[sdk=iphoneos*]" = "iPhone Developer";
				COPY_PHASE_STRIP = NO;
				DEBUG_INFORMATION_FORMAT = "dwarf-with-dsym";
				ENABLE_NS_ASSERTIONS = NO;
				ENABLE_STRICT_OBJC_MSGSEND = YES;
				GCC_C_LANGUAGE_STANDARD = gnu99;
				GCC_NO_COMMON_BLOCKS = YES;
				GCC_WARN_64_TO_32_BIT_CONVERSION = YES;
				GCC_WARN_ABOUT_RETURN_TYPE = YES_ERROR;
				GCC_WARN_UNDECLARED_SELECTOR = YES;
				GCC_WARN_UNINITIALIZED_AUTOS = YES_AGGRESSIVE;
				GCC_WARN_UNUSED_FUNCTION = YES;
				GCC_WARN_UNUSED_VARIABLE = YES;
				IPHONEOS_DEPLOYMENT_TARGET = 10.2;
				MTL_ENABLE_DEBUG_INFO = NO;
				SDKROOT = iphoneos;
				VALIDATE_PRODUCT = YES;
			};
			name = Release;
		};
		9F25317C1E864D71007F50B5 /* Debug */ = {
			isa = XCBuildConfiguration;
			buildSettings = {
				ASSETCATALOG_COMPILER_APPICON_NAME = AppIcon;
				DEVELOPMENT_TEAM = LRVMYCBTJ7;
				INFOPLIST_FILE = Matchismo/Info.plist;
				LD_RUNPATH_SEARCH_PATHS = "$(inherited) @executable_path/Frameworks";
				PRODUCT_BUNDLE_IDENTIFIER = Chchao.Matchismo;
				PRODUCT_NAME = "$(TARGET_NAME)";
			};
			name = Debug;
		};
		9F25317D1E864D71007F50B5 /* Release */ = {
			isa = XCBuildConfiguration;
			buildSettings = {
				ASSETCATALOG_COMPILER_APPICON_NAME = AppIcon;
				DEVELOPMENT_TEAM = LRVMYCBTJ7;
				INFOPLIST_FILE = Matchismo/Info.plist;
				LD_RUNPATH_SEARCH_PATHS = "$(inherited) @executable_path/Frameworks";
				PRODUCT_BUNDLE_IDENTIFIER = Chchao.Matchismo;
				PRODUCT_NAME = "$(TARGET_NAME)";
			};
			name = Release;
		};
		9F25317F1E864D71007F50B5 /* Debug */ = {
			isa = XCBuildConfiguration;
			buildSettings = {
				BUNDLE_LOADER = "$(TEST_HOST)";
				DEVELOPMENT_TEAM = LRVMYCBTJ7;
				INFOPLIST_FILE = MatchismoTests/Info.plist;
				LD_RUNPATH_SEARCH_PATHS = "$(inherited) @executable_path/Frameworks @loader_path/Frameworks";
				PRODUCT_BUNDLE_IDENTIFIER = Chchao.MatchismoTests;
				PRODUCT_NAME = "$(TARGET_NAME)";
				TEST_HOST = "$(BUILT_PRODUCTS_DIR)/Matchismo.app/Matchismo";
			};
			name = Debug;
		};
		9F2531801E864D71007F50B5 /* Release */ = {
			isa = XCBuildConfiguration;
			buildSettings = {
				BUNDLE_LOADER = "$(TEST_HOST)";
				DEVELOPMENT_TEAM = LRVMYCBTJ7;
				INFOPLIST_FILE = MatchismoTests/Info.plist;
				LD_RUNPATH_SEARCH_PATHS = "$(inherited) @executable_path/Frameworks @loader_path/Frameworks";
				PRODUCT_BUNDLE_IDENTIFIER = Chchao.MatchismoTests;
				PRODUCT_NAME = "$(TARGET_NAME)";
				TEST_HOST = "$(BUILT_PRODUCTS_DIR)/Matchismo.app/Matchismo";
			};
			name = Release;
		};
		9F2531821E864D71007F50B5 /* Debug */ = {
			isa = XCBuildConfiguration;
			buildSettings = {
				DEVELOPMENT_TEAM = LRVMYCBTJ7;
				INFOPLIST_FILE = MatchismoUITests/Info.plist;
				LD_RUNPATH_SEARCH_PATHS = "$(inherited) @executable_path/Frameworks @loader_path/Frameworks";
				PRODUCT_BUNDLE_IDENTIFIER = Chchao.MatchismoUITests;
				PRODUCT_NAME = "$(TARGET_NAME)";
				TEST_TARGET_NAME = Matchismo;
			};
			name = Debug;
		};
		9F2531831E864D71007F50B5 /* Release */ = {
			isa = XCBuildConfiguration;
			buildSettings = {
				DEVELOPMENT_TEAM = LRVMYCBTJ7;
				INFOPLIST_FILE = MatchismoUITests/Info.plist;
				LD_RUNPATH_SEARCH_PATHS = "$(inherited) @executable_path/Frameworks @loader_path/Frameworks";
				PRODUCT_BUNDLE_IDENTIFIER = Chchao.MatchismoUITests;
				PRODUCT_NAME = "$(TARGET_NAME)";
				TEST_TARGET_NAME = Matchismo;
			};
			name = Release;
		};
/* End XCBuildConfiguration section */

/* Begin XCConfigurationList section */
		9F2531491E864D71007F50B5 /* Build configuration list for PBXProject "Matchismo" */ = {
			isa = XCConfigurationList;
			buildConfigurations = (
				9F2531791E864D71007F50B5 /* Debug */,
				9F25317A1E864D71007F50B5 /* Release */,
			);
			defaultConfigurationIsVisible = 0;
			defaultConfigurationName = Release;
		};
		9F25317B1E864D71007F50B5 /* Build configuration list for PBXNativeTarget "Matchismo" */ = {
			isa = XCConfigurationList;
			buildConfigurations = (
				9F25317C1E864D71007F50B5 /* Debug */,
				9F25317D1E864D71007F50B5 /* Release */,
			);
			defaultConfigurationIsVisible = 0;
		};
		9F25317E1E864D71007F50B5 /* Build configuration list for PBXNativeTarget "MatchismoTests" */ = {
			isa = XCConfigurationList;
			buildConfigurations = (
				9F25317F1E864D71007F50B5 /* Debug */,
				9F2531801E864D71007F50B5 /* Release */,
			);
			defaultConfigurationIsVisible = 0;
		};
		9F2531811E864D71007F50B5 /* Build configuration list for PBXNativeTarget "MatchismoUITests" */ = {
			isa = XCConfigurationList;
			buildConfigurations = (
				9F2531821E864D71007F50B5 /* Debug */,
				9F2531831E864D71007F50B5 /* Release */,
			);
			defaultConfigurationIsVisible = 0;
		};
/* End XCConfigurationList section */
	};
	rootObject = 9F2531461E864D71007F50B5 /* Project object */;
}
